
Microsoft Visual Studio Solution File, Format Version 12.00
# Visual Studio Version 16
VisualStudioVersion = 16.0.32510.428
MinimumVisualStudioVersion = 10.0.40219.1
Project("{9A19103F-16F7-4668-BE54-9A1E7A4F7556}") = "MyApp", "MyApp\MyApp.csproj", "{4184A03E-D90F-4025-B27A-D9EE2ABD8759}"
EndProject
Project("{9A19103F-16F7-4668-BE54-9A1E7A4F7556}") = "MyApp.Models", "MyApp.Models\MyApp.Models.csproj", "{970FDD2E-A101-4764-9E4A-341F4901FA9D}"
EndProject
Project("{9A19103F-16F7-4668-BE54-9A1E7A4F7556}") = "MyApp.Services", "MyApp.Services\MyApp.Services.csproj", "{9E373C4C-A197-4601-B4C1-9241239D4327}"
EndProject
Project("{9A19103F-16F7-4668-BE54-9A1E7A4F7556}") = "MyApp.Api", "MyApp.Api\MyApp.Api.csproj", "{5BFD88D4-7324-40E4-A2AD-A7E7746F5684}"
EndProject
Project("{FAE04EC0-301F-11D3-BF4B-00C04F79EFBC}") = "BlazorPizzas.Api", "BlazorPizzas.Api\BlazorPizzas.Api.csproj", "{06350333-7C07-4077-84F0-E545E42515BF}"
EndProject
Global
	GlobalSection(SolutionConfigurationPlatforms) = preSolution
		Debug|Any CPU = Debug|Any CPU
		Release|Any CPU = Release|Any CPU
	EndGlobalSection
	GlobalSection(ProjectConfigurationPlatforms) = postSolution
		{4184A03E-D90F-4025-B27A-D9EE2ABD8759}.Debug|Any CPU.ActiveCfg = Debug|Any CPU
		{4184A03E-D90F-4025-B27A-D9EE2ABD8759}.Debug|Any CPU.Build.0 = Debug|Any CPU
		{4184A03E-D90F-4025-B27A-D9EE2ABD8759}.Release|Any CPU.ActiveCfg = Release|Any CPU
		{4184A03E-D90F-4025-B27A-D9EE2ABD8759}.Release|Any CPU.Build.0 = Release|Any CPU
		{970FDD2E-A101-4764-9E4A-341F4901FA9D}.Debug|Any CPU.ActiveCfg = Debug|Any CPU
		{970FDD2E-A101-4764-9E4A-341F4901FA9D}.Debug|Any CPU.Build.0 = Debug|Any CPU
		{970FDD2E-A101-4764-9E4A-341F4901FA9D}.Release|Any CPU.ActiveCfg = Release|Any CPU
		{970FDD2E-A101-4764-9E4A-341F4901FA9D}.Release|Any CPU.Build.0 = Release|Any CPU
		{9E373C4C-A197-4601-B4C1-9241239D4327}.Debug|Any CPU.ActiveCfg = Debug|Any CPU
		{9E373C4C-A197-4601-B4C1-9241239D4327}.Debug|Any CPU.Build.0 = Debug|Any CPU
		{9E373C4C-A197-4601-B4C1-9241239D4327}.Release|Any CPU.ActiveCfg = Release|Any CPU
		{9E373C4C-A197-4601-B4C1-9241239D4327}.Release|Any CPU.Build.0 = Release|Any CPU
		{5BFD88D4-7324-40E4-A2AD-A7E7746F5684}.Debug|Any CPU.ActiveCfg = Debug|Any CPU
		{5BFD88D4-7324-40E4-A2AD-A7E7746F5684}.Debug|Any CPU.Build.0 = Debug|Any CPU
		{5BFD88D4-7324-40E4-A2AD-A7E7746F5684}.Release|Any CPU.ActiveCfg = Release|Any CPU
		{5BFD88D4-7324-40E4-A2AD-A7E7746F5684}.Release|Any CPU.Build.0 = Release|Any CPU
		{06350333-7C07-4077-84F0-E545E42515BF}.Debug|Any CPU.ActiveCfg = Debug|Any CPU
		{06350333-7C07-4077-84F0-E545E42515BF}.Debug|Any CPU.Build.0 = Debug|Any CPU
		{06350333-7C07-4077-84F0-E545E42515BF}.Release|Any CPU.ActiveCfg = Release|Any CPU
		{06350333-7C07-4077-84F0-E545E42515BF}.Release|Any CPU.Build.0 = Release|Any CPU
	EndGlobalSection
	GlobalSection(SolutionProperties) = preSolution
		HideSolutionNode = FALSE
	EndGlobalSection
	GlobalSection(ExtensibilityGlobals) = postSolution
		SolutionGuid = {C6B6BE6F-2AA2-425A-AAEC-8411C7463760}
	EndGlobalSection
EndGlobal
